
Microsoft Visual Studio Solution File, Format Version 12.00
# Visual Studio Version 16
VisualStudioVersion = 16.0.30611.23
MinimumVisualStudioVersion = 10.0.40219.1
Project("{FAE04EC0-301F-11D3-BF4B-00C04F79EFBC}") = "ToastNotificationsMvvm.UI", "ToastNotificationsMvvm.UI\ToastNotificationsMvvm.UI.csproj", "{F2480CF8-0D71-4278-A27C-2A7D45487F5F}"
EndProject
Project("{FAE04EC0-301F-11D3-BF4B-00C04F79EFBC}") = "ToastNotificationsMvvm.Common", "ToastNotificationsMvvm.Common\ToastNotificationsMvvm.Common.csproj", "{DDDCD4A0-B4D3-43A1-B139-F7A550D6847E}"
EndProject
Global
	GlobalSection(SolutionConfigurationPlatforms) = preSolution
		Debug|Any CPU = Debug|Any CPU
		Release|Any CPU = Release|Any CPU
	EndGlobalSection
	GlobalSection(ProjectConfigurationPlatforms) = postSolution
		{F2480CF8-0D71-4278-A27C-2A7D45487F5F}.Debug|Any CPU.ActiveCfg = Debug|Any CPU
		{F2480CF8-0D71-4278-A27C-2A7D45487F5F}.Debug|Any CPU.Build.0 = Debug|Any CPU
		{F2480CF8-0D71-4278-A27C-2A7D45487F5F}.Release|Any CPU.ActiveCfg = Release|Any CPU
		{F2480CF8-0D71-4278-A27C-2A7D45487F5F}.Release|Any CPU.Build.0 = Release|Any CPU
		{DDDCD4A0-B4D3-43A1-B139-F7A550D6847E}.Debug|Any CPU.ActiveCfg = Debug|Any CPU
		{DDDCD4A0-B4D3-43A1-B139-F7A550D6847E}.Debug|Any CPU.Build.0 = Debug|Any CPU
		{DDDCD4A0-B4D3-43A1-B139-F7A550D6847E}.Release|Any CPU.ActiveCfg = Release|Any CPU
		{DDDCD4A0-B4D3-43A1-B139-F7A550D6847E}.Release|Any CPU.Build.0 = Release|Any CPU
	EndGlobalSection
	GlobalSection(SolutionProperties) = preSolution
		HideSolutionNode = FALSE
	EndGlobalSection
	GlobalSection(ExtensibilityGlobals) = postSolution
		SolutionGuid = {FDE45859-E99D-4BD0-82BA-A928080B0597}
	EndGlobalSection
EndGlobal
